lockfileVersion: '9.0'

settings:
  autoInstallPeers: true
  excludeLinksFromLockfile: false

importers:

  .:
    devDependencies:
      vitest:
        specifier: link:vendor/dsh-0.1.6/node_modules/vitest
        version: link:vendor/dsh-0.1.6/node_modules/vitest

  packages/evolution-probe:
    devDependencies:
      '@deepseek-ai/cordis':
        specifier: link:../../vendor/dsh-0.1.6/vendor/cordis
        version: link:../../vendor/dsh-0.1.6/vendor/cordis
      '@deepseek-ai/dsh-client-ui-conversation':
        specifier: link:../../vendor/dsh-0.1.6/packages/client/ui-conversation
        version: link:../../vendor/dsh-0.1.6/packages/client/ui-conversation
      '@deepseek-ai/dsh-client-ui-renderer':
        specifier: link:../../vendor/dsh-0.1.6/packages/client/ui-renderer
        version: link:../../vendor/dsh-0.1.6/packages/client/ui-renderer
      '@deepseek-ai/dsh-session':
        specifier: link:../../vendor/dsh-0.1.6/packages/core/session
        version: link:../../vendor/dsh-0.1.6/packages/core/session
      react:
        specifier: link:../../vendor/dsh-0.1.6/packages/client/ui-conversation/node_modules/react
        version: link:../../vendor/dsh-0.1.6/packages/client/ui-conversation/node_modules/react
